
Microsoft Visual Studio Solution File, Format Version 12.00
# Visual Studio 15
VisualStudioVersion = 15.0.27701.1
MinimumVisualStudioVersion = 10.0.40219.1
Project("{FAE04EC0-301F-11D3-BF4B-00C04F79EFBC}") = "SwapiChallenge", "SWAPI Challenge\SwapiChallenge.csproj", "{C54F5E28-15AE-49A2-9682-3985189D5415}"
EndProject
Project("{FAE04EC0-301F-11D3-BF4B-00C04F79EFBC}") = "SwapiUtility", "SWAPI Utility\SwapiUtility.csproj", "{FA3923A2-04A0-494C-9608-9B0236B18D1A}"
EndProject
Global
	GlobalSection(SolutionConfigurationPlatforms) = preSolution
		Debug|Any CPU = Debug|Any CPU
		Release|Any CPU = Release|Any CPU
	EndGlobalSection
	GlobalSection(ProjectConfigurationPlatforms) = postSolution
		{C54F5E28-15AE-49A2-9682-3985189D5415}.Debug|Any CPU.ActiveCfg = Debug|Any CPU
		{C54F5E28-15AE-49A2-9682-3985189D5415}.Debug|Any CPU.Build.0 = Debug|Any CPU
		{C54F5E28-15AE-49A2-9682-3985189D5415}.Release|Any CPU.ActiveCfg = Release|Any CPU
		{C54F5E28-15AE-49A2-9682-3985189D5415}.Release|Any CPU.Build.0 = Release|Any CPU
		{FA3923A2-04A0-494C-9608-9B0236B18D1A}.Debug|Any CPU.ActiveCfg = Debug|Any CPU
		{FA3923A2-04A0-494C-9608-9B0236B18D1A}.Debug|Any CPU.Build.0 = Debug|Any CPU
		{FA3923A2-04A0-494C-9608-9B0236B18D1A}.Release|Any CPU.ActiveCfg = Release|Any CPU
		{FA3923A2-04A0-494C-9608-9B0236B18D1A}.Release|Any CPU.Build.0 = Release|Any CPU
	EndGlobalSection
	GlobalSection(SolutionProperties) = preSolution
		HideSolutionNode = FALSE
	EndGlobalSection
	GlobalSection(ExtensibilityGlobals) = postSolution
		SolutionGuid = {BAFAF27B-4145-4787-B859-49F2591ACEA8}
	EndGlobalSection
EndGlobal
